Microsoft Visual Studio Solution File, Format Version 12.00
# Visual Studio 14
VisualStudioVersion = 14.0.23107.0
MinimumVisualStudioVersion = 10.0.40219.1
Project("{FAE04EC0-301F-11D3-BF4B-00C04F79EFBC}") = "GradeNow.W10", "GradeNow.W10\GradeNow.W10.csproj", "{434A7598-E57A-4FAA-8123-11B97A6ED66A}"
EndProject
Global
	GlobalSection(SolutionConfigurationPlatforms) = preSolution
		Debug|ARM = Debug|ARM
		Debug|x64 = Debug|x64
		Debug|x86 = Debug|x86
		Release|ARM = Release|ARM
		Release|x64 = Release|x64
		Release|x86 = Release|x86
	EndGlobalSection
	GlobalSection(ProjectConfigurationPlatforms) = postSolution
		{434A7598-E57A-4FAA-8123-11B97A6ED66A}.Debug|ARM.ActiveCfg = Debug|ARM
		{434A7598-E57A-4FAA-8123-11B97A6ED66A}.Debug|ARM.Build.0 = Debug|ARM
		{434A7598-E57A-4FAA-8123-11B97A6ED66A}.Debug|ARM.Deploy.0 = Debug|ARM
		{434A7598-E57A-4FAA-8123-11B97A6ED66A}.Debug|x64.ActiveCfg = Debug|x64
		{434A7598-E57A-4FAA-8123-11B97A6ED66A}.Debug|x64.Build.0 = Debug|x64
		{434A7598-E57A-4FAA-8123-11B97A6ED66A}.Debug|x64.Deploy.0 = Debug|x64
		{434A7598-E57A-4FAA-8123-11B97A6ED66A}.Debug|x86.ActiveCfg = Debug|x86
		{434A7598-E57A-4FAA-8123-11B97A6ED66A}.Debug|x86.Build.0 = Debug|x86
		{434A7598-E57A-4FAA-8123-11B97A6ED66A}.Debug|x86.Deploy.0 = Debug|x86
		{434A7598-E57A-4FAA-8123-11B97A6ED66A}.Release|Any CPU.ActiveCfg = Release|x86
		{434A7598-E57A-4FAA-8123-11B97A6ED66A}.Release|Any CPU.Build.0 = Release|x86
		{434A7598-E57A-4FAA-8123-11B97A6ED66A}.Release|Any CPU.Deploy.0 = Release|x86
		{434A7598-E57A-4FAA-8123-11B97A6ED66A}.Release|ARM.ActiveCfg = Release|ARM
		{434A7598-E57A-4FAA-8123-11B97A6ED66A}.Release|ARM.Build.0 = Release|ARM
		{434A7598-E57A-4FAA-8123-11B97A6ED66A}.Release|ARM.Deploy.0 = Release|ARM
		{434A7598-E57A-4FAA-8123-11B97A6ED66A}.Release|x64.ActiveCfg = Release|x64
		{434A7598-E57A-4FAA-8123-11B97A6ED66A}.Release|x64.Build.0 = Release|x64
		{434A7598-E57A-4FAA-8123-11B97A6ED66A}.Release|x64.Deploy.0 = Release|x64
		{434A7598-E57A-4FAA-8123-11B97A6ED66A}.Release|x86.ActiveCfg = Release|x86
		{434A7598-E57A-4FAA-8123-11B97A6ED66A}.Release|x86.Build.0 = Release|x86
		{434A7598-E57A-4FAA-8123-11B97A6ED66A}.Release|x86.Deploy.0 = Release|x86
	EndGlobalSection
	GlobalSection(SolutionProperties) = preSolution
		HideSolutionNode = FALSE
	EndGlobalSection
EndGlobal
